
Microsoft Visual Studio Solution File, Format Version 12.00
# Visual Studio Version 17
VisualStudioVersion = 17.5.33516.290
MinimumVisualStudioVersion = 10.0.40219.1
Project("{9A19103F-16F7-4668-BE54-9A1E7A4F7556}") = "Lanyard", "Lanyard\Lanyard.csproj", "{5A899EA2-63DB-45CF-9A5A-04BB4D7180D9}"
EndProject
Project("{9A19103F-16F7-4668-BE54-9A1E7A4F7556}") = "Lanyard.WF", "Lanyard.WF\Lanyard.WF.csproj", "{E327C307-3622-4B13-A9D5-272128C3D55A}"
EndProject
Project("{2150E333-8FDC-42A3-9474-1A3956D46DE8}") = "Solution Items", "Solution Items", "{E274AEB5-5E51-416B-9A5D-4E96A0DCEC5E}"
	ProjectSection(SolutionItems) = preProject
		.editorconfig = .editorconfig
		Directory.Build.props = Directory.Build.props
	EndProjectSection
EndProject
Global
	GlobalSection(SolutionConfigurationPlatforms) = preSolution
		Debug|Any CPU = Debug|Any CPU
		Release|Any CPU = Release|Any CPU
	EndGlobalSection
	GlobalSection(ProjectConfigurationPlatforms) = postSolution
		{5A899EA2-63DB-45CF-9A5A-04BB4D7180D9}.Debug|Any CPU.ActiveCfg = Debug|Any CPU
		{5A899EA2-63DB-45CF-9A5A-04BB4D7180D9}.Debug|Any CPU.Build.0 = Debug|Any CPU
		{5A899EA2-63DB-45CF-9A5A-04BB4D7180D9}.Release|Any CPU.ActiveCfg = Release|Any CPU
		{5A899EA2-63DB-45CF-9A5A-04BB4D7180D9}.Release|Any CPU.Build.0 = Release|Any CPU
		{E327C307-3622-4B13-A9D5-272128C3D55A}.Debug|Any CPU.ActiveCfg = Debug|Any CPU
		{E327C307-3622-4B13-A9D5-272128C3D55A}.Debug|Any CPU.Build.0 = Debug|Any CPU
		{E327C307-3622-4B13-A9D5-272128C3D55A}.Release|Any CPU.ActiveCfg = Release|Any CPU
		{E327C307-3622-4B13-A9D5-272128C3D55A}.Release|Any CPU.Build.0 = Release|Any CPU
	EndGlobalSection
	GlobalSection(SolutionProperties) = preSolution
		HideSolutionNode = FALSE
	EndGlobalSection
	GlobalSection(ExtensibilityGlobals) = postSolution
		SolutionGuid = {85D9E48A-3A53-46B7-888F-0832743E14A7}
	EndGlobalSection
EndGlobal
